<?xml version="1.0" encoding="utf-8"?>
<Project ToolsVersion="4.0" xmlns="http://schemas.microsoft.com/developer/msbuild/2003">
  <ItemGroup>
    <Filter Include="源文件">
      <UniqueIdentifier>{4FC737F1-C7A5-4376-A066-2A32D752A2FF}</UniqueIdentifier>
      <Extensions>cpp;c;cc;cxx;c++;cppm;ixx;def;odl;idl;hpj;bat;asm;asmx</Extensions>
    </Filter>
    <Filter Include="头文件">
      <UniqueIdentifier>{93995380-89BD-4b04-88EB-625FBE52EBFB}</UniqueIdentifier>
      <Extensions>h;hh;hpp;hxx;h++;hm;inl;inc;ipp;xsd</Extensions>
    </Filter>
    <Filter Include="资源文件">
      <UniqueIdentifier>{67DA6AB6-F800-4c08-8B7A-83BB121AAD01}</UniqueIdentifier>
      <Extensions>rc;ico;cur;bmp;dlg;rc2;rct;bin;rgs;gif;jpg;jpeg;jpe;resx;tiff;tif;png;wav;mfcribbon-ms</Extensions>
    </Filter>
    <Filter Include="头文件\MySort">
      <UniqueIdentifier>{5ad6c9ba-f460-4b1c-a59c-2245dfeb6602}</UniqueIdentifier>
    </Filter>
    <Filter Include="头文件\TCPIP_data_transmission">
      <UniqueIdentifier>{c8144bd4-3eee-4de6-b2e2-c0d7bff17807}</UniqueIdentifier>
    </Filter>
  </ItemGroup>
  <ItemGroup>
    <ClCompile Include="main.cpp">
      <Filter>源文件</Filter>
    </ClCompile>
  </ItemGroup>
  <ItemGroup>
    <ClInclude Include="head.h">
      <Filter>头文件</Filter>
    </ClInclude>
    <ClInclude Include="..\include\modbus.h">
      <Filter>头文件</Filter>
    </ClInclude>
    <ClInclude Include="..\include\modbus-tcp.h">
      <Filter>头文件</Filter>
    </ClInclude>
    <ClInclude Include="dijkstra.h">
      <Filter>头文件</Filter>
    </ClInclude>
    <ClInclude Include="priority.h">
      <Filter>头文件</Filter>
    </ClInclude>
    <ClInclude Include="myStack.h">
      <Filter>头文件</Filter>
    </ClInclude>
    <ClInclude Include="template.h">
      <Filter>头文件</Filter>
    </ClInclude>
    <ClInclude Include="MemoryPool.h">
      <Filter>头文件</Filter>
    </ClInclude>
    <ClInclude Include="TCP_IP.h">
      <Filter>头文件</Filter>
    </ClInclude>
    <ClInclude Include="MyList.h">
      <Filter>头文件</Filter>
    </ClInclude>
    <ClInclude Include="MyFunction.h">
      <Filter>头文件</Filter>
    </ClInclude>
    <ClInclude Include="ThreadPool.h">
      <Filter>头文件</Filter>
    </ClInclude>
    <ClInclude Include="CollectRain.h">
      <Filter>头文件</Filter>
    </ClInclude>
    <ClInclude Include="GenericFactory.h">
      <Filter>头文件</Filter>
    </ClInclude>
    <ClInclude Include="HeapSort.h">
      <Filter>头文件\MySort</Filter>
    </ClInclude>
    <ClInclude Include="InsertionSort.h">
      <Filter>头文件\MySort</Filter>
    </ClInclude>
    <ClInclude Include="MergeSort.h">
      <Filter>头文件\MySort</Filter>
    </ClInclude>
    <ClInclude Include="ShellSort.h">
      <Filter>头文件\MySort</Filter>
    </ClInclude>
    <ClInclude Include="QuickSort.h">
      <Filter>头文件\MySort</Filter>
    </ClInclude>
    <ClInclude Include="ListMergeSort.h">
      <Filter>头文件\MySort</Filter>
    </ClInclude>
    <ClInclude Include="My_type_traits.h">
      <Filter>头文件</Filter>
    </ClInclude>
    <ClInclude Include="parallel_divide_and_conquer.h">
      <Filter>头文件</Filter>
    </ClInclude>
    <ClInclude Include="PromiseAndFuture.h">
      <Filter>头文件</Filter>
    </ClInclude>
    <ClInclude Include="TCPIP_data_transmission.h">
      <Filter>头文件\TCPIP_data_transmission</Filter>
    </ClInclude>
  </ItemGroup>
</Project>