
Microsoft Visual Studio Solution File, Format Version 12.00
# Visual Studio Version 17
VisualStudioVersion = 17.4.33205.214
MinimumVisualStudioVersion = 10.0.40219.1
Project("{8BC9CEB8-8B4A-11D0-8D11-00A0C91BC942}") = "test", "test\test.vcxproj", "{732AEF8F-0A0F-49CD-8339-ACD22BAEB306}"
EndProject
Global
	GlobalSection(SolutionConfigurationPlatforms) = preSolution
		Debug|x64 = Debug|x64
		Debug|x86 = Debug|x86
		Release|x64 = Release|x64
		Release|x86 = Release|x86
	EndGlobalSection
	GlobalSection(ProjectConfigurationPlatforms) = postSolution
		{732AEF8F-0A0F-49CD-8339-ACD22BAEB306}.Debug|x64.ActiveCfg = Debug|x64
		{732AEF8F-0A0F-49CD-8339-ACD22BAEB306}.Debug|x64.Build.0 = Debug|x64
		{732AEF8F-0A0F-49CD-8339-ACD22BAEB306}.Debug|x86.ActiveCfg = Debug|Win32
		{732AEF8F-0A0F-49CD-8339-ACD22BAEB306}.Debug|x86.Build.0 = Debug|Win32
		{732AEF8F-0A0F-49CD-8339-ACD22BAEB306}.Release|x64.ActiveCfg = Release|x64
		{732AEF8F-0A0F-49CD-8339-ACD22BAEB306}.Release|x64.Build.0 = Release|x64
		{732AEF8F-0A0F-49CD-8339-ACD22BAEB306}.Release|x86.ActiveCfg = Release|Win32
		{732AEF8F-0A0F-49CD-8339-ACD22BAEB306}.Release|x86.Build.0 = Release|Win32
	EndGlobalSection
	GlobalSection(SolutionProperties) = preSolution
		HideSolutionNode = FALSE
	EndGlobalSection
	GlobalSection(ExtensibilityGlobals) = postSolution
		SolutionGuid = {8952E65C-F1A9-4787-9988-F15BCC65F25F}
	EndGlobalSection
EndGlobal
